// !$*UTF8*$!
{
	archiveVersion = 1;
	classes = {
	};
	objectVersion = 50;
	objects = {

/* Begin PBXBuildFile section */
		FC666119250FD99F00A8C502 /* AppDelegate.swift in Sources */ = {isa = PBXBuildFile; fileRef = FC666118250FD99F00A8C502 /* AppDelegate.swift */; };
		FC66611B250FD99F00A8C502 /* SceneDelegate.swift in Sources */ = {isa = PBXBuildFile; fileRef = FC66611A250FD99F00A8C502 /* SceneDelegate.swift */; };
		FC66611D250FD99F00A8C502 /* ViewController.swift in Sources */ = {isa = PBXBuildFile; fileRef = FC66611C250FD99F00A8C502 /* ViewController.swift */; };
		FC666120250FD99F00A8C502 /* Main.storyboard in Resources */ = {isa = PBXBuildFile; fileRef = FC66611E250FD99F00A8C502 /* Main.storyboard */; };
		FC666122250FD9A400A8C502 /* Assets.xcassets in Resources */ = {isa = PBXBuildFile; fileRef = FC666121250FD9A400A8C502 /* Assets.xcassets */; };
		FC666125250FD9A400A8C502 /* LaunchScreen.storyboard in Resources */ = {isa = PBXBuildFile; fileRef = FC666123250FD9A400A8C502 /* LaunchScreen.storyboard */; };
/* End PBXBuildFile section */

/* Begin PBXFileReference section */
		FC666115250FD99F00A8C502 /* MyDessert.app */ = {isa = PBXFileReference; explicitFileType = wrapper.application; includeInIndex = 0; path = MyDessert.app; sourceTree = BUILT_PRODUCTS_DIR; };
		FC666118250FD99F00A8C502 /* AppDelegate.swift */ = {isa = PBXFileReference; lastKnownFileType = sourcecode.swift; path = AppDelegate.swift; sourceTree = "<group>"; };
		FC66611A250FD99F00A8C502 /* SceneDelegate.swift */ = {isa = PBXFileReference; lastKnownFileType = sourcecode.swift; path = SceneDelegate.swift; sourceTree = "<group>"; };
		FC66611C250FD99F00A8C502 /* ViewController.swift */ = {isa = PBXFileReference; lastKnownFileType = sourcecode.swift; path = ViewController.swift; sourceTree = "<group>"; };
		FC66611F250FD99F00A8C502 /* Base */ = {isa = PBXFileReference; lastKnownFileType = file.storyboard; name = Base; path = Base.lproj/Main.storyboard; sourceTree = "<group>"; };
		FC666121250FD9A400A8C502 /* Assets.xcassets */ = {isa = PBXFileReference; lastKnownFileType = folder.assetcatalog; path = Assets.xcassets; sourceTree = "<group>"; };
		FC666124250FD9A400A8C502 /* Base */ = {isa = PBXFileReference; lastKnownFileType = file.storyboard; name = Base; path = Base.lproj/LaunchScreen.storyboard; sourceTree = "<group>"; };
		FC666126250FD9A400A8C502 /* Info.plist */ = {isa = PBXFileReference; lastKnownFileType = text.plist.xml; path = Info.plist; sourceTree = "<group>"; };
/* End PBXFileReference section */

/* Begin PBXFrameworksBuildPhase section */
		FC666112250FD99F00A8C502 /* Frameworks */ = {
			isa = PBXFrameworksBuildPhase;
			buildActionMask = 2147483647;
			files = (
			);
			runOnlyForDeploymentPostprocessing = 0;
		};
/* End PBXFrameworksBuildPhase section */

/* Begin PBXGroup section */
		FC66610C250FD99F00A8C502 = {
			isa = PBXGroup;
			children = (
				FC666117250FD99F00A8C502 /* MyDessert */,
				FC666116250FD99F00A8C502 /* Products */,
			);
			sourceTree = "<group>";
		};
		FC666116250FD99F00A8C502 /* Products */ = {
			isa = PBXGroup;
			children = (
				FC666115250FD99F00A8C502 /* MyDessert.app */,
			);
			name = Products;
			sourceTree = "<group>";
		};
		FC666117250FD99F00A8C502 /* MyDessert */ = {
			isa = PBXGroup;
			children = (
				FC666118250FD99F00A8C502 /* AppDelegate.swift */,
				FC66611A250FD99F00A8C502 /* SceneDelegate.swift */,
				FC66611C250FD99F00A8C502 /* ViewController.swift */,
				FC66611E250FD99F00A8C502 /* Main.storyboard */,
				FC666121250FD9A400A8C502 /* Assets.xcassets */,
				FC666123250FD9A400A8C502 /* LaunchScreen.storyboard */,
				FC666126250FD9A400A8C502 /* Info.plist */,
			);
			path = MyDessert;
			sourceTree = "<group>";
		};
/* End PBXGroup section */

/* Begin PBXNativeTarget section */
		FC666114250FD99F00A8C502 /* MyDessert */ = {
			isa = PBXNativeTarget;
			buildConfigurationList = FC666129250FD9A400A8C502 /* Build configuration list for PBXNativeTarget "MyDessert" */;
			buildPhases = (
				FC666111250FD99F00A8C502 /* Sources */,
				FC666112250FD99F00A8C502 /* Frameworks */,
				FC666113250FD99F00A8C502 /* Resources */,
			);
			buildRules = (
			);
			dependencies = (
			);
			name = MyDessert;
			productName = MyDessert;
			productReference = FC666115250FD99F00A8C502 /* MyDessert.app */;
			productType = "com.apple.product-type.application";
		};
/* End PBXNativeTarget section */

/* Begin PBXProject section */
		FC66610D250FD99F00A8C502 /* Project object */ = {
			isa = PBXProject;
			attributes = {
				LastSwiftUpdateCheck = 1170;
				LastUpgradeCheck = 1170;
				ORGANIZATIONNAME = "多田秀人";
				TargetAttributes = {
					FC666114250FD99F00A8C502 = {
						CreatedOnToolsVersion = 11.7;
					};
				};
			};
			buildConfigurationList = FC666110250FD99F00A8C502 /* Build configuration list for PBXProject "MyDessert" */;
			compatibilityVersion = "Xcode 9.3";
			developmentRegion = en;
			hasScannedForEncodings = 0;
			knownRegions = (
				en,
				Base,
			);
			mainGroup = FC66610C250FD99F00A8C502;
			productRefGroup = FC666116250FD99F00A8C502 /* Products */;
			projectDirPath = "";
			projectRoot = "";
			targets = (
				FC666114250FD99F00A8C502 /* MyDessert */,
			);
		};
/* End PBXProject section */

/* Begin PBXResourcesBuildPhase section */
		FC666113250FD99F00A8C502 /* Resources */ = {
			isa = PBXResourcesBuildPhase;
			buildActionMask = 2147483647;
			files = (
				FC666125250FD9A400A8C502 /* LaunchScreen.storyboard in Resources */,
				FC666122250FD9A400A8C502 /* Assets.xcassets in Resources */,
				FC666120250FD99F00A8C502 /* Main.storyboard in Resources */,
			);
			runOnlyForDeploymentPostprocessing = 0;
		};
/* End PBXResourcesBuildPhase section */

/* Begin PBXSourcesBuildPhase section */
		FC666111250FD99F00A8C502 /* Sources */ = {
			isa = PBXSourcesBuildPhase;
			buildActionMask = 2147483647;
			files = (
				FC66611D250FD99F00A8C502 /* ViewController.swift in Sources */,
				FC666119250FD99F00A8C502 /* AppDelegate.swift in Sources */,
				FC66611B250FD99F00A8C502 /* SceneDelegate.swift in Sources */,
			);
			runOnlyForDeploymentPostprocessing = 0;
		};
/* End PBXSourcesBuildPhase section */

/* Begin PBXVariantGroup section */
		FC66611E250FD99F00A8C502 /* Main.storyboard */ = {
			isa = PBXVariantGroup;
			children = (
				FC66611F250FD99F00A8C502 /* Base */,
			);
			name = Main.storyboard;
			sourceTree = "<group>";
		};
		FC666123250FD9A400A8C502 /* LaunchScreen.storyboard */ = {
			isa = PBXVariantGroup;
			children = (
				FC666124250FD9A400A8C502 /* Base */,
			);
			name = LaunchScreen.storyboard;
			sourceTree = "<group>";
		};
/* End PBXVariantGroup section */

/* Begin XCBuildConfiguration section */
		FC666127250FD9A400A8C502 /* Debug */ = {
			isa = XCBuildConfiguration;
			buildSettings = {
				ALWAYS_SEARCH_USER_PATHS = NO;
				CLANG_ANALYZER_NONNULL = YES;
				CLANG_ANALYZER_NUMBER_OBJECT_CONVERSION = YES_AGGRESSIVE;
				CLANG_CXX_LANGUAGE_STANDARD = "gnu++14";
				CLANG_CXX_LIBRARY = "libc++";
				CLANG_ENABLE_MODULES = YES;
				CLANG_ENABLE_OBJC_ARC = YES;
				CLANG_ENABLE_OBJC_WEAK = YES;
				CLANG_WARN_BLOCK_CAPTURE_AUTORELEASING = YES;
				CLANG_WARN_BOOL_CONVERSION = YES;
				CLANG_WARN_COMMA = YES;
				CLANG_WARN_CONSTANT_CONVERSION = YES;
				CLANG_WARN_DEPRECATED_OBJC_IMPLEMENTATIONS = YES;
				CLANG_WARN_DIRECT_OBJC_ISA_USAGE = YES_ERROR;
				CLANG_WARN_DOCUMENTATION_COMMENTS = YES;
				CLANG_WARN_EMPTY_BODY = YES;
				CLANG_WARN_ENUM_CONVERSION = YES;
				CLANG_WARN_INFINITE_RECURSION = YES;
				CLANG_WARN_INT_CONVERSION = YES;
				CLANG_WARN_NON_LITERAL_NULL_CONVERSION = YES;
				CLANG_WARN_OBJC_IMPLICIT_RETAIN_SELF = YES;
				CLANG_WARN_OBJC_LITERAL_CONVERSION = YES;
				CLANG_WARN_OBJC_ROOT_CLASS = YES_ERROR;
				CLANG_WARN_RANGE_LOOP_ANALYSIS = YES;
				CLANG_WARN_STRICT_PROTOTYPES = YES;
				CLANG_WARN_SUSPICIOUS_MOVE = YES;
				CLANG_WARN_UNGUARDED_AVAILABILITY = YES_AGGRESSIVE;
				CLANG_WARN_UNREACHABLE_CODE = YES;
				CLANG_WARN__DUPLICATE_METHOD_MATCH = YES;
				COPY_PHASE_STRIP = NO;
				DEBUG_INFORMATION_FORMAT = dwarf;
				ENABLE_STRICT_OBJC_MSGSEND = YES;
				ENABLE_TESTABILITY = YES;
				GCC_C_LANGUAGE_STANDARD = gnu11;
				GCC_DYNAMIC_NO_PIC = NO;
				GCC_NO_COMMON_BLOCKS = YES;
				GCC_OPTIMIZATION_LEVEL = 0;
				GCC_PREPROCESSOR_DEFINITIONS = (
					"DEBUG=1",
					"$(inherited)",
				);
				GCC_WARN_64_TO_32_BIT_CONVERSION = YES;
				GCC_WARN_ABOUT_RETURN_TYPE = YES_ERROR;
				GCC_WARN_UNDECLARED_SELECTOR = YES;
				GCC_WARN_UNINITIALIZED_AUTOS = YES_AGGRESSIVE;
				GCC_WARN_UNUSED_FUNCTION = YES;
				GCC_WARN_UNUSED_VARIABLE = YES;
				IPHONEOS_DEPLOYMENT_TARGET = 13.7;
				MTL_ENABLE_DEBUG_INFO = INCLUDE_SOURCE;
				MTL_FAST_MATH = YES;
				ONLY_ACTIVE_ARCH = YES;
				SDKROOT = iphoneos;
				SWIFT_ACTIVE_COMPILATION_CONDITIONS = DEBUG;
				SWIFT_OPTIMIZATION_LEVEL = "-Onone";
			};
			name = Debug;
		};
		FC666128250FD9A400A8C502 /* Release */ = {
			isa = XCBuildConfiguration;
			buildSettings = {
				ALWAYS_SEARCH_USER_PATHS = NO;
				CLANG_ANALYZER_NONNULL = YES;
				CLANG_ANALYZER_NUMBER_OBJECT_CONVERSION = YES_AGGRESSIVE;
				CLANG_CXX_LANGUAGE_STANDARD = "gnu++14";
				CLANG_CXX_LIBRARY = "libc++";
				CLANG_ENABLE_MODULES = YES;
				CLANG_ENABLE_OBJC_ARC = YES;
				CLANG_ENABLE_OBJC_WEAK = YES;
				CLANG_WARN_BLOCK_CAPTURE_AUTORELEASING = YES;
				CLANG_WARN_BOOL_CONVERSION = YES;
				CLANG_WARN_COMMA = YES;
				CLANG_WARN_CONSTANT_CONVERSION = YES;
				CLANG_WARN_DEPRECATED_OBJC_IMPLEMENTATIONS = YES;
				CLANG_WARN_DIRECT_OBJC_ISA_USAGE = YES_ERROR;
				CLANG_WARN_DOCUMENTATION_COMMENTS = YES;
				CLANG_WARN_EMPTY_BODY = YES;
				CLANG_WARN_ENUM_CONVERSION = YES;
				CLANG_WARN_INFINITE_RECURSION = YES;
				CLANG_WARN_INT_CONVERSION = YES;
				CLANG_WARN_NON_LITERAL_NULL_CONVERSION = YES;
				CLANG_WARN_OBJC_IMPLICIT_RETAIN_SELF = YES;
				CLANG_WARN_OBJC_LITERAL_CONVERSION = YES;
				CLANG_WARN_OBJC_ROOT_CLASS = YES_ERROR;
				CLANG_WARN_RANGE_LOOP_ANALYSIS = YES;
				CLANG_WARN_STRICT_PROTOTYPES = YES;
				CLANG_WARN_SUSPICIOUS_MOVE = YES;
				CLANG_WARN_UNGUARDED_AVAILABILITY = YES_AGGRESSIVE;
				CLANG_WARN_UNREACHABLE_CODE = YES;
				CLANG_WARN__DUPLICATE_METHOD_MATCH = YES;
				COPY_PHASE_STRIP = NO;
				DEBUG_INFORMATION_FORMAT = "dwarf-with-dsym";
				ENABLE_NS_ASSERTIONS = NO;
				ENABLE_STRICT_OBJC_MSGSEND = YES;
				GCC_C_LANGUAGE_STANDARD = gnu11;
				GCC_NO_COMMON_BLOCKS = YES;
				GCC_WARN_64_TO_32_BIT_CONVERSION = YES;
				GCC_WARN_ABOUT_RETURN_TYPE = YES_ERROR;
				GCC_WARN_UNDECLARED_SELECTOR = YES;
				GCC_WARN_UNINITIALIZED_AUTOS = YES_AGGRESSIVE;
				GCC_WARN_UNUSED_FUNCTION = YES;
				GCC_WARN_UNUSED_VARIABLE = YES;
				IPHONEOS_DEPLOYMENT_TARGET = 13.7;
				MTL_ENABLE_DEBUG_INFO = NO;
				MTL_FAST_MATH = YES;
				SDKROOT = iphoneos;
				SWIFT_COMPILATION_MODE = wholemodule;
				SWIFT_OPTIMIZATION_LEVEL = "-O";
				VALIDATE_PRODUCT = YES;
			};
			name = Release;
		};
		FC66612A250FD9A400A8C502 /* Debug */ = {
			isa = XCBuildConfiguration;
			buildSettings = {
				ASSETCATALOG_COMPILER_APPICON_NAME = AppIcon;
				CODE_SIGN_STYLE = Automatic;
				DEVELOPMENT_TEAM = 29F4JZQZX9;
				INFOPLIST_FILE = MyDessert/Info.plist;
				LD_RUNPATH_SEARCH_PATHS = (
					"$(inherited)",
					"@executable_path/Frameworks",
				);
				PRODUCT_BUNDLE_IDENTIFIER = shootie007.MyDessert;
				PRODUCT_NAME = "$(TARGET_NAME)";
				SWIFT_VERSION = 5.0;
				TARGETED_DEVICE_FAMILY = "1,2";
			};
			name = Debug;
		};
		FC66612B250FD9A400A8C502 /* Release */ = {
			isa = XCBuildConfiguration;
			buildSettings = {
				ASSETCATALOG_COMPILER_APPICON_NAME = AppIcon;
				CODE_SIGN_STYLE = Automatic;
				DEVELOPMENT_TEAM = 29F4JZQZX9;
				INFOPLIST_FILE = MyDessert/Info.plist;
				LD_RUNPATH_SEARCH_PATHS = (
					"$(inherited)",
					"@executable_path/Frameworks",
				);
				PRODUCT_BUNDLE_IDENTIFIER = shootie007.MyDessert;
				PRODUCT_NAME = "$(TARGET_NAME)";
				SWIFT_VERSION = 5.0;
				TARGETED_DEVICE_FAMILY = "1,2";
			};
			name = Release;
		};
/* End XCBuildConfiguration section */

/* Begin XCConfigurationList section */
		FC666110250FD99F00A8C502 /* Build configuration list for PBXProject "MyDessert" */ = {
			isa = XCConfigurationList;
			buildConfigurations = (
				FC666127250FD9A400A8C502 /* Debug */,
				FC666128250FD9A400A8C502 /* Release */,
			);
			defaultConfigurationIsVisible = 0;
			defaultConfigurationName = Release;
		};
		FC666129250FD9A400A8C502 /* Build configuration list for PBXNativeTarget "MyDessert" */ = {
			isa = XCConfigurationList;
			buildConfigurations = (
				FC66612A250FD9A400A8C502 /* Debug */,
				FC66612B250FD9A400A8C502 /* Release */,
			);
			defaultConfigurationIsVisible = 0;
			defaultConfigurationName = Release;
		};
/* End XCConfigurationList section */
	};
	rootObject = FC66610D250FD99F00A8C502 /* Project object */;
}
